
Microsoft Visual Studio Solution File, Format Version 12.00
# Visual Studio Version 16
VisualStudioVersion = 16.0.30907.101
MinimumVisualStudioVersion = 10.0.40219.1
Project("{FAE04EC0-301F-11D3-BF4B-00C04F79EFBC}") = "assignment1", "assignment1.csproj", "{351288F9-363A-4DBB-8F20-C08FC46A1111}"
EndProject
Global
	GlobalSection(SolutionConfigurationPlatforms) = preSolution
		Debug|Any CPU = Debug|Any CPU
		Release|Any CPU = Release|Any CPU
	EndGlobalSection
	GlobalSection(ProjectConfigurationPlatforms) = postSolution
		{351288F9-363A-4DBB-8F20-C08FC46A1111}.Debug|Any CPU.ActiveCfg = Debug|Any CPU
		{351288F9-363A-4DBB-8F20-C08FC46A1111}.Debug|Any CPU.Build.0 = Debug|Any CPU
		{351288F9-363A-4DBB-8F20-C08FC46A1111}.Release|Any CPU.ActiveCfg = Release|Any CPU
		{351288F9-363A-4DBB-8F20-C08FC46A1111}.Release|Any CPU.Build.0 = Release|Any CPU
	EndGlobalSection
	GlobalSection(SolutionProperties) = preSolution
		HideSolutionNode = FALSE
	EndGlobalSection
	GlobalSection(ExtensibilityGlobals) = postSolution
		SolutionGuid = {36D1942C-5E5A-4388-A521-03B52F544308}
	EndGlobalSection
EndGlobal
